
Microsoft Visual Studio Solution File, Format Version 12.00
# Visual Studio 14
VisualStudioVersion = 14.0.25420.1
MinimumVisualStudioVersion = 10.0.40219.1
Project("{FAE04EC0-301F-11D3-BF4B-00C04F79EFBC}") = "JQICU", "JQICU\JQICU.csproj", "{FD8ABB51-5621-483A-AA81-083D3D3232A9}"
EndProject
Project("{FAE04EC0-301F-11D3-BF4B-00C04F79EFBC}") = "JQICUReport", "JQICUReport\JQICUReport.csproj", "{A8838D9F-3E09-4260-B122-53E6658F2327}"
EndProject
Project("{FAE04EC0-301F-11D3-BF4B-00C04F79EFBC}") = "Monitoring", "devTest\Monitoring.csproj", "{4BA7D10F-B12F-4E57-A345-0187AE4E5016}"
EndProject
Project("{FAE04EC0-301F-11D3-BF4B-00C04F79EFBC}") = "CommonModule", "CommonModule\CommonModule.csproj", "{02A33912-88CE-43D3-8552-13BAC1457C42}"
EndProject
Project("{FAE04EC0-301F-11D3-BF4B-00C04F79EFBC}") = "ASSESSMENT", "ASSESSMENT\ASSESSMENT.csproj", "{BD3CC518-5436-4287-B41A-65D569A2EA45}"
EndProject
Project("{FAE04EC0-301F-11D3-BF4B-00C04F79EFBC}") = "ShiftChanges", "ShiftChanges\ShiftChanges.csproj", "{17988B45-112B-41F1-B54D-311920B5FFD2}"
EndProject
Project("{FAE04EC0-301F-11D3-BF4B-00C04F79EFBC}") = "DoctorAdvice", "DoctorAdvice\DoctorAdvice.csproj", "{19E3B7E6-1943-4E33-94A9-A9673DC45077}"
EndProject
Project("{FAE04EC0-301F-11D3-BF4B-00C04F79EFBC}") = "TreatAdvice", "TreatAdvice\TreatAdvice.csproj", "{C3E3F923-38E7-4307-A32D-7474100EA1D4}"
EndProject
Project("{FAE04EC0-301F-11D3-BF4B-00C04F79EFBC}") = "JQ.DictionaryDx", "JQ.DictionaryDx\JQ.DictionaryDx.csproj", "{CD253610-E053-442A-BCD8-5594DE470CA5}"
EndProject
Project("{FAE04EC0-301F-11D3-BF4B-00C04F79EFBC}") = "JQ.Dictionary.Core", "JQ.Dictionary.Core\JQ.Dictionary.Core.csproj", "{5271F727-907A-473B-8C7D-1CDCEC8F7006}"
EndProject
Project("{FAE04EC0-301F-11D3-BF4B-00C04F79EFBC}") = "Device", "Device\Device.csproj", "{F213230B-0A2C-44E8-A9EA-3964733BDC3A}"
EndProject
Project("{FAE04EC0-301F-11D3-BF4B-00C04F79EFBC}") = "Inspection", "Inspection\Inspection.csproj", "{C7AF125D-FB8C-479C-A2D2-2518FCB73A8D}"
EndProject
Project("{FAE04EC0-301F-11D3-BF4B-00C04F79EFBC}") = "JQ.SecurityDx", "JQ.SecurityDx\JQ.SecurityDx.csproj", "{0656DCD3-3CE7-48FB-ABA5-5137DF518F24}"
EndProject
Project("{FAE04EC0-301F-11D3-BF4B-00C04F79EFBC}") = "CheckList", "CheckList\CheckList.csproj", "{56BCC62A-AADB-4C1E-86D1-6F099258DF02}"
EndProject
Project("{FAE04EC0-301F-11D3-BF4B-00C04F79EFBC}") = "Tools", "Tools\Tools.csproj", "{4E932297-3F3D-4FA8-AEB8-8E0A88D7E8DC}"
EndProject
Project("{FAE04EC0-301F-11D3-BF4B-00C04F79EFBC}") = "SQLiteTool", "SQLite\SQLiteTool.csproj", "{73A43C2F-28BB-4E87-98DB-FC6BAE06DCA4}"
EndProject
Project("{FAE04EC0-301F-11D3-BF4B-00C04F79EFBC}") = "项目总览", "项目总览\项目总览\项目总览.csproj", "{57E3108D-B8FA-4A16-ADB5-B9767C0A01B5}"
EndProject
Project("{FAE04EC0-301F-11D3-BF4B-00C04F79EFBC}") = "Doctor", "Doctor\Doctor.csproj", "{288262C4-87FF-4D8D-8D2D-60EFAA4317DD}"
EndProject
Project("{FAE04EC0-301F-11D3-BF4B-00C04F79EFBC}") = "QualityControl", "QualityControl\QualityControl.csproj", "{F8EC9DB4-626F-4478-ADD8-B513FA2F2287}"
EndProject
Global
	GlobalSection(Performance) = preSolution
		HasPerformanceSessions = true
	EndGlobalSection
	GlobalSection(SolutionConfigurationPlatforms) = preSolution
		Debug|Any CPU = Debug|Any CPU
		Debug|x86 = Debug|x86
		Release|Any CPU = Release|Any CPU
		Release|x86 = Release|x86
	EndGlobalSection
	GlobalSection(ProjectConfigurationPlatforms) = postSolution
		{FD8ABB51-5621-483A-AA81-083D3D3232A9}.Debug|Any CPU.ActiveCfg = Debug|Any CPU
		{FD8ABB51-5621-483A-AA81-083D3D3232A9}.Debug|Any CPU.Build.0 = Debug|Any CPU
		{FD8ABB51-5621-483A-AA81-083D3D3232A9}.Debug|x86.ActiveCfg = Debug|Any CPU
		{FD8ABB51-5621-483A-AA81-083D3D3232A9}.Release|Any CPU.ActiveCfg = Release|Any CPU
		{FD8ABB51-5621-483A-AA81-083D3D3232A9}.Release|Any CPU.Build.0 = Release|Any CPU
		{FD8ABB51-5621-483A-AA81-083D3D3232A9}.Release|x86.ActiveCfg = Release|Any CPU
		{A8838D9F-3E09-4260-B122-53E6658F2327}.Debug|Any CPU.ActiveCfg = Debug|Any CPU
		{A8838D9F-3E09-4260-B122-53E6658F2327}.Debug|Any CPU.Build.0 = Debug|Any CPU
		{A8838D9F-3E09-4260-B122-53E6658F2327}.Debug|x86.ActiveCfg = Debug|Any CPU
		{A8838D9F-3E09-4260-B122-53E6658F2327}.Release|Any CPU.ActiveCfg = Release|Any CPU
		{A8838D9F-3E09-4260-B122-53E6658F2327}.Release|Any CPU.Build.0 = Release|Any CPU
		{A8838D9F-3E09-4260-B122-53E6658F2327}.Release|x86.ActiveCfg = Release|Any CPU
		{4BA7D10F-B12F-4E57-A345-0187AE4E5016}.Debug|Any CPU.ActiveCfg = Debug|Any CPU
		{4BA7D10F-B12F-4E57-A345-0187AE4E5016}.Debug|Any CPU.Build.0 = Debug|Any CPU
		{4BA7D10F-B12F-4E57-A345-0187AE4E5016}.Debug|x86.ActiveCfg = Debug|Any CPU
		{4BA7D10F-B12F-4E57-A345-0187AE4E5016}.Release|Any CPU.ActiveCfg = Release|Any CPU
		{4BA7D10F-B12F-4E57-A345-0187AE4E5016}.Release|Any CPU.Build.0 = Release|Any CPU
		{4BA7D10F-B12F-4E57-A345-0187AE4E5016}.Release|x86.ActiveCfg = Release|Any CPU
		{02A33912-88CE-43D3-8552-13BAC1457C42}.Debug|Any CPU.ActiveCfg = Debug|Any CPU
		{02A33912-88CE-43D3-8552-13BAC1457C42}.Debug|Any CPU.Build.0 = Debug|Any CPU
		{02A33912-88CE-43D3-8552-13BAC1457C42}.Debug|x86.ActiveCfg = Debug|Any CPU
		{02A33912-88CE-43D3-8552-13BAC1457C42}.Release|Any CPU.ActiveCfg = Release|Any CPU
		{02A33912-88CE-43D3-8552-13BAC1457C42}.Release|Any CPU.Build.0 = Release|Any CPU
		{02A33912-88CE-43D3-8552-13BAC1457C42}.Release|x86.ActiveCfg = Release|Any CPU
		{BD3CC518-5436-4287-B41A-65D569A2EA45}.Debug|Any CPU.ActiveCfg = Debug|Any CPU
		{BD3CC518-5436-4287-B41A-65D569A2EA45}.Debug|Any CPU.Build.0 = Debug|Any CPU
		{BD3CC518-5436-4287-B41A-65D569A2EA45}.Debug|x86.ActiveCfg = Debug|Any CPU
		{BD3CC518-5436-4287-B41A-65D569A2EA45}.Release|Any CPU.ActiveCfg = Release|Any CPU
		{BD3CC518-5436-4287-B41A-65D569A2EA45}.Release|Any CPU.Build.0 = Release|Any CPU
		{BD3CC518-5436-4287-B41A-65D569A2EA45}.Release|x86.ActiveCfg = Release|Any CPU
		{17988B45-112B-41F1-B54D-311920B5FFD2}.Debug|Any CPU.ActiveCfg = Debug|Any CPU
		{17988B45-112B-41F1-B54D-311920B5FFD2}.Debug|Any CPU.Build.0 = Debug|Any CPU
		{17988B45-112B-41F1-B54D-311920B5FFD2}.Debug|x86.ActiveCfg = Debug|Any CPU
		{17988B45-112B-41F1-B54D-311920B5FFD2}.Release|Any CPU.ActiveCfg = Release|Any CPU
		{17988B45-112B-41F1-B54D-311920B5FFD2}.Release|Any CPU.Build.0 = Release|Any CPU
		{17988B45-112B-41F1-B54D-311920B5FFD2}.Release|x86.ActiveCfg = Release|Any CPU
		{19E3B7E6-1943-4E33-94A9-A9673DC45077}.Debug|Any CPU.ActiveCfg = Debug|Any CPU
		{19E3B7E6-1943-4E33-94A9-A9673DC45077}.Debug|Any CPU.Build.0 = Debug|Any CPU
		{19E3B7E6-1943-4E33-94A9-A9673DC45077}.Debug|x86.ActiveCfg = Debug|Any CPU
		{19E3B7E6-1943-4E33-94A9-A9673DC45077}.Release|Any CPU.ActiveCfg = Release|Any CPU
		{19E3B7E6-1943-4E33-94A9-A9673DC45077}.Release|Any CPU.Build.0 = Release|Any CPU
		{19E3B7E6-1943-4E33-94A9-A9673DC45077}.Release|x86.ActiveCfg = Release|Any CPU
		{C3E3F923-38E7-4307-A32D-7474100EA1D4}.Debug|Any CPU.ActiveCfg = Debug|Any CPU
		{C3E3F923-38E7-4307-A32D-7474100EA1D4}.Debug|Any CPU.Build.0 = Debug|Any CPU
		{C3E3F923-38E7-4307-A32D-7474100EA1D4}.Debug|x86.ActiveCfg = Debug|Any CPU
		{C3E3F923-38E7-4307-A32D-7474100EA1D4}.Release|Any CPU.ActiveCfg = Release|Any CPU
		{C3E3F923-38E7-4307-A32D-7474100EA1D4}.Release|Any CPU.Build.0 = Release|Any CPU
		{C3E3F923-38E7-4307-A32D-7474100EA1D4}.Release|x86.ActiveCfg = Release|Any CPU
		{CD253610-E053-442A-BCD8-5594DE470CA5}.Debug|Any CPU.ActiveCfg = Debug|Any CPU
		{CD253610-E053-442A-BCD8-5594DE470CA5}.Debug|Any CPU.Build.0 = Debug|Any CPU
		{CD253610-E053-442A-BCD8-5594DE470CA5}.Debug|x86.ActiveCfg = Debug|x86
		{CD253610-E053-442A-BCD8-5594DE470CA5}.Debug|x86.Build.0 = Debug|x86
		{CD253610-E053-442A-BCD8-5594DE470CA5}.Release|Any CPU.ActiveCfg = Release|Any CPU
		{CD253610-E053-442A-BCD8-5594DE470CA5}.Release|Any CPU.Build.0 = Release|Any CPU
		{CD253610-E053-442A-BCD8-5594DE470CA5}.Release|x86.ActiveCfg = Release|x86
		{CD253610-E053-442A-BCD8-5594DE470CA5}.Release|x86.Build.0 = Release|x86
		{5271F727-907A-473B-8C7D-1CDCEC8F7006}.Debug|Any CPU.ActiveCfg = Debug|Any CPU
		{5271F727-907A-473B-8C7D-1CDCEC8F7006}.Debug|Any CPU.Build.0 = Debug|Any CPU
		{5271F727-907A-473B-8C7D-1CDCEC8F7006}.Debug|x86.ActiveCfg = Debug|x86
		{5271F727-907A-473B-8C7D-1CDCEC8F7006}.Debug|x86.Build.0 = Debug|x86
		{5271F727-907A-473B-8C7D-1CDCEC8F7006}.Release|Any CPU.ActiveCfg = Release|Any CPU
		{5271F727-907A-473B-8C7D-1CDCEC8F7006}.Release|Any CPU.Build.0 = Release|Any CPU
		{5271F727-907A-473B-8C7D-1CDCEC8F7006}.Release|x86.ActiveCfg = Release|x86
		{5271F727-907A-473B-8C7D-1CDCEC8F7006}.Release|x86.Build.0 = Release|x86
		{F213230B-0A2C-44E8-A9EA-3964733BDC3A}.Debug|Any CPU.ActiveCfg = Debug|Any CPU
		{F213230B-0A2C-44E8-A9EA-3964733BDC3A}.Debug|Any CPU.Build.0 = Debug|Any CPU
		{F213230B-0A2C-44E8-A9EA-3964733BDC3A}.Debug|x86.ActiveCfg = Debug|Any CPU
		{F213230B-0A2C-44E8-A9EA-3964733BDC3A}.Release|Any CPU.ActiveCfg = Release|Any CPU
		{F213230B-0A2C-44E8-A9EA-3964733BDC3A}.Release|Any CPU.Build.0 = Release|Any CPU
		{F213230B-0A2C-44E8-A9EA-3964733BDC3A}.Release|x86.ActiveCfg = Release|Any CPU
		{C7AF125D-FB8C-479C-A2D2-2518FCB73A8D}.Debug|Any CPU.ActiveCfg = Debug|Any CPU
		{C7AF125D-FB8C-479C-A2D2-2518FCB73A8D}.Debug|Any CPU.Build.0 = Debug|Any CPU
		{C7AF125D-FB8C-479C-A2D2-2518FCB73A8D}.Debug|x86.ActiveCfg = Debug|Any CPU
		{C7AF125D-FB8C-479C-A2D2-2518FCB73A8D}.Release|Any CPU.ActiveCfg = Release|Any CPU
		{C7AF125D-FB8C-479C-A2D2-2518FCB73A8D}.Release|Any CPU.Build.0 = Release|Any CPU
		{C7AF125D-FB8C-479C-A2D2-2518FCB73A8D}.Release|x86.ActiveCfg = Release|Any CPU
		{0656DCD3-3CE7-48FB-ABA5-5137DF518F24}.Debug|Any CPU.ActiveCfg = Debug|Any CPU
		{0656DCD3-3CE7-48FB-ABA5-5137DF518F24}.Debug|Any CPU.Build.0 = Debug|Any CPU
		{0656DCD3-3CE7-48FB-ABA5-5137DF518F24}.Debug|x86.ActiveCfg = Debug|Any CPU
		{0656DCD3-3CE7-48FB-ABA5-5137DF518F24}.Release|Any CPU.ActiveCfg = Release|Any CPU
		{0656DCD3-3CE7-48FB-ABA5-5137DF518F24}.Release|Any CPU.Build.0 = Release|Any CPU
		{0656DCD3-3CE7-48FB-ABA5-5137DF518F24}.Release|x86.ActiveCfg = Release|Any CPU
		{56BCC62A-AADB-4C1E-86D1-6F099258DF02}.Debug|Any CPU.ActiveCfg = Debug|Any CPU
		{56BCC62A-AADB-4C1E-86D1-6F099258DF02}.Debug|Any CPU.Build.0 = Debug|Any CPU
		{56BCC62A-AADB-4C1E-86D1-6F099258DF02}.Debug|x86.ActiveCfg = Debug|Any CPU
		{56BCC62A-AADB-4C1E-86D1-6F099258DF02}.Release|Any CPU.ActiveCfg = Release|Any CPU
		{56BCC62A-AADB-4C1E-86D1-6F099258DF02}.Release|Any CPU.Build.0 = Release|Any CPU
		{56BCC62A-AADB-4C1E-86D1-6F099258DF02}.Release|x86.ActiveCfg = Release|Any CPU
		{4E932297-3F3D-4FA8-AEB8-8E0A88D7E8DC}.Debug|Any CPU.ActiveCfg = Debug|Any CPU
		{4E932297-3F3D-4FA8-AEB8-8E0A88D7E8DC}.Debug|Any CPU.Build.0 = Debug|Any CPU
		{4E932297-3F3D-4FA8-AEB8-8E0A88D7E8DC}.Debug|x86.ActiveCfg = Debug|Any CPU
		{4E932297-3F3D-4FA8-AEB8-8E0A88D7E8DC}.Release|Any CPU.ActiveCfg = Release|Any CPU
		{4E932297-3F3D-4FA8-AEB8-8E0A88D7E8DC}.Release|Any CPU.Build.0 = Release|Any CPU
		{4E932297-3F3D-4FA8-AEB8-8E0A88D7E8DC}.Release|x86.ActiveCfg = Release|Any CPU
		{73A43C2F-28BB-4E87-98DB-FC6BAE06DCA4}.Debug|Any CPU.ActiveCfg = Debug|Any CPU
		{73A43C2F-28BB-4E87-98DB-FC6BAE06DCA4}.Debug|Any CPU.Build.0 = Debug|Any CPU
		{73A43C2F-28BB-4E87-98DB-FC6BAE06DCA4}.Debug|x86.ActiveCfg = Debug|Any CPU
		{73A43C2F-28BB-4E87-98DB-FC6BAE06DCA4}.Release|Any CPU.ActiveCfg = Release|Any CPU
		{73A43C2F-28BB-4E87-98DB-FC6BAE06DCA4}.Release|Any CPU.Build.0 = Release|Any CPU
		{73A43C2F-28BB-4E87-98DB-FC6BAE06DCA4}.Release|x86.ActiveCfg = Release|Any CPU
		{57E3108D-B8FA-4A16-ADB5-B9767C0A01B5}.Debug|Any CPU.ActiveCfg = Debug|Any CPU
		{57E3108D-B8FA-4A16-ADB5-B9767C0A01B5}.Debug|Any CPU.Build.0 = Debug|Any CPU
		{57E3108D-B8FA-4A16-ADB5-B9767C0A01B5}.Debug|x86.ActiveCfg = Debug|Any CPU
		{57E3108D-B8FA-4A16-ADB5-B9767C0A01B5}.Release|Any CPU.ActiveCfg = Release|Any CPU
		{57E3108D-B8FA-4A16-ADB5-B9767C0A01B5}.Release|Any CPU.Build.0 = Release|Any CPU
		{57E3108D-B8FA-4A16-ADB5-B9767C0A01B5}.Release|x86.ActiveCfg = Release|Any CPU
		{288262C4-87FF-4D8D-8D2D-60EFAA4317DD}.Debug|Any CPU.ActiveCfg = Debug|Any CPU
		{288262C4-87FF-4D8D-8D2D-60EFAA4317DD}.Debug|Any CPU.Build.0 = Debug|Any CPU
		{288262C4-87FF-4D8D-8D2D-60EFAA4317DD}.Debug|x86.ActiveCfg = Debug|Any CPU
		{288262C4-87FF-4D8D-8D2D-60EFAA4317DD}.Release|Any CPU.ActiveCfg = Release|Any CPU
		{288262C4-87FF-4D8D-8D2D-60EFAA4317DD}.Release|Any CPU.Build.0 = Release|Any CPU
		{288262C4-87FF-4D8D-8D2D-60EFAA4317DD}.Release|x86.ActiveCfg = Release|Any CPU
		{F8EC9DB4-626F-4478-ADD8-B513FA2F2287}.Debug|Any CPU.ActiveCfg = Debug|Any CPU
		{F8EC9DB4-626F-4478-ADD8-B513FA2F2287}.Debug|Any CPU.Build.0 = Debug|Any CPU
		{F8EC9DB4-626F-4478-ADD8-B513FA2F2287}.Debug|x86.ActiveCfg = Debug|Any CPU
		{F8EC9DB4-626F-4478-ADD8-B513FA2F2287}.Release|Any CPU.ActiveCfg = Release|Any CPU
		{F8EC9DB4-626F-4478-ADD8-B513FA2F2287}.Release|Any CPU.Build.0 = Release|Any CPU
		{F8EC9DB4-626F-4478-ADD8-B513FA2F2287}.Release|x86.ActiveCfg = Release|Any CPU
	EndGlobalSection
	GlobalSection(SolutionProperties) = preSolution
		HideSolutionNode = FALSE
	EndGlobalSection
	GlobalSection(ExtensibilityGlobals) = postSolution
		VisualSVNWorkingCopyRoot = .
	EndGlobalSection
EndGlobal
